version = 1
requires-python = ">=3.13"

[[package]]
name = "annotated-types"
version = "0.7.0"
source = { registry = "https://pypi.org/simple" }
sdist = { url = "https://files.pythonhosted.org/packages/ee/67/531ea369ba64dcff5ec9c3402f9f51bf748cec26dde048a2f973a4eea7f5/annotated_types-0.7.0.tar.gz", hash = "sha256:aff07c09a53a08bc8cfccb9c85b05f1aa9a2a6f23728d790723543408344ce89", size = 16081 }
wheels = [
    { url = "https://files.pythonhosted.org/packages/78/b6/6307fbef88d9b5ee7421e68d78a9f162e0da4900bc5f5793f6d3d0e34fb8/annotated_types-0.7.0-py3-none-any.whl", hash = "sha256:1f02e8b43a8fbbc3f3e0d4f0f4bfc8131bcb4eebe8849b8e5c773f3a1c582a53", size = 13643 },
]

[[package]]
name = "anyio"
version = "4.6.2.post1"
source = { registry = "https://pypi.org/simple" }
dependencies = [
    { name = "idna" },
    { name = "sniffio" },
]
sdist = { url = "https://files.pythonhosted.org/packages/9f/09/45b9b7a6d4e45c6bcb5bf61d19e3ab87df68e0601fa8c5293de3542546cc/anyio-4.6.2.post1.tar.gz", hash = "sha256:4c8bc31ccdb51c7f7bd251f51c609e038d63e34219b44aa86e47576389880b4c", size = 173422 }
wheels = [
    { url = "https://files.pythonhosted.org/packages/e4/f5/f2b75d2fc6f1a260f340f0e7c6a060f4dd2961cc16884ed851b0d18da06a/anyio-4.6.2.post1-py3-none-any.whl", hash = "sha256:6d170c36fba3bdd840c73d3868c1e777e33676a69c3a72cf0a0d5d6d8009b61d", size = 90377 },
]

[[package]]
name = "fastapi"
version = "0.115.4"
source = { registry = "https://pypi.org/simple" }
dependencies = [
    { name = "pydantic" },
    { name = "starlette" },
    { name = "typing-extensions" },
]
sdist = { url = "https://files.pythonhosted.org/packages/a9/db/5781f19bd30745885e0737ff3fdd4e63e7bc691710f9da691128bb0dc73b/fastapi-0.115.4.tar.gz", hash = "sha256:db653475586b091cb8b2fec2ac54a680ac6a158e07406e1abae31679e8826349", size = 300737 }
wheels = [
    { url = "https://files.pythonhosted.org/packages/99/f6/af0d1f58f86002be0cf1e2665cdd6f7a4a71cdc8a7a9438cdc9e3b5375fe/fastapi-0.115.4-py3-none-any.whl", hash = "sha256:0b504a063ffb3cf96a5e27dc1bc32c80ca743a2528574f9cdc77daa2d31b4742", size = 94732 },
]

[[package]]
name = "idna"
version = "3.10"
source = { registry = "https://pypi.org/simple" }
sdist = { url = "https://files.pythonhosted.org/packages/f1/70/7703c29685631f5a7590aa73f1f1d3fa9a380e654b86af429e0934a32f7d/idna-3.10.tar.gz", hash = "sha256:12f65c9b470abda6dc35cf8e63cc574b1c52b11df2c86030af0ac09b01b13ea9", size = 190490 }
wheels = [
    { url = "https://files.pythonhosted.org/packages/76/c6/c88e154df9c4e1a2a66ccf0005a88dfb2650c1dffb6f5ce603dfbd452ce3/idna-3.10-py3-none-any.whl", hash = "sha256:946d195a0d259cbba61165e88e65941f16e9b36ea6ddb97f00452bae8b1287d3", size = 70442 },
]

[[package]]
name = "lime-ratsnake"
version = "0.1.0"
source = { virtual = "." }
dependencies = [
    { name = "fastapi" },
    { name = "ruff" },
    { name = "sqlalchemy" },
]

[package.metadata]
requires-dist = [
    { name = "fastapi", specifier = ">=0.115.4" },
    { name = "ruff", specifier = ">=0.7.2" },
    { name = "sqlalchemy", specifier = ">=2.0.36" },
]

[[package]]
name = "pydantic"
version = "2.9.2"
source = { registry = "https://pypi.org/simple" }
dependencies = [
    { name = "annotated-types" },
    { name = "pydantic-core" },
    { name = "typing-extensions" },
]
sdist = { url = "https://files.pythonhosted.org/packages/a9/b7/d9e3f12af310e1120c21603644a1cd86f59060e040ec5c3a80b8f05fae30/pydantic-2.9.2.tar.gz", hash = "sha256:d155cef71265d1e9807ed1c32b4c8deec042a44a50a4188b25ac67ecd81a9c0f", size = 769917 }
wheels = [
    { url = "https://files.pythonhosted.org/packages/df/e4/ba44652d562cbf0bf320e0f3810206149c8a4e99cdbf66da82e97ab53a15/pydantic-2.9.2-py3-none-any.whl", hash = "sha256:f048cec7b26778210e28a0459867920654d48e5e62db0958433636cde4254f12", size = 434928 },
]

[[package]]
name = "pydantic-core"
version = "2.23.4"
source = { registry = "https://pypi.org/simple" }
dependencies = [
    { name = "typing-extensions" },
]
sdist = { url = "https://files.pythonhosted.org/packages/e2/aa/6b6a9b9f8537b872f552ddd46dd3da230367754b6f707b8e1e963f515ea3/pydantic_core-2.23.4.tar.gz", hash = "sha256:2584f7cf844ac4d970fba483a717dbe10c1c1c96a969bf65d61ffe94df1b2863", size = 402156 }
wheels = [
    { url = "https://files.pythonhosted.org/packages/ad/ef/16ee2df472bf0e419b6bc68c05bf0145c49247a1095e85cee1463c6a44a1/pydantic_core-2.23.4-cp313-cp313-macosx_10_12_x86_64.whl", hash = "sha256:7530e201d10d7d14abce4fb54cfe5b94a0aefc87da539d0346a484ead376c3cc", size = 1856143 },
    { url = "https://files.pythonhosted.org/packages/da/fa/bc3dbb83605669a34a93308e297ab22be82dfb9dcf88c6cf4b4f264e0a42/pydantic_core-2.23.4-cp313-cp313-macosx_11_0_arm64.whl", hash = "sha256:df933278128ea1cd77772673c73954e53a1c95a4fdf41eef97c2b779271bd0bd", size = 1770063 },
    { url = "https://files.pythonhosted.org/packages/4e/48/e813f3bbd257a712303ebdf55c8dc46f9589ec74b384c9f652597df3288d/pydantic_core-2.23.4-cp313-cp313-manylinux_2_17_aarch64.manylinux2014_aarch64.whl", hash = "sha256:0cb3da3fd1b6a5d0279a01877713dbda118a2a4fc6f0d821a57da2e464793f05", size = 1790013 },
    { url = "https://files.pythonhosted.org/packages/b4/e0/56eda3a37929a1d297fcab1966db8c339023bcca0b64c5a84896db3fcc5c/pydantic_core-2.23.4-cp313-cp313-manylinux_2_17_armv7l.manylinux2014_armv7l.whl", hash = "sha256:42c6dcb030aefb668a2b7009c85b27f90e51e6a3b4d5c9bc4c57631292015b0d", size = 1801077 },
    { url = "https://files.pythonhosted.org/packages/04/be/5e49376769bfbf82486da6c5c1683b891809365c20d7c7e52792ce4c71f3/pydantic_core-2.23.4-cp313-cp313-manylinux_2_17_ppc64le.manylinux2014_ppc64le.whl", hash = "sha256:696dd8d674d6ce621ab9d45b205df149399e4bb9aa34102c970b721554828510", size = 1996782 },
    { url = "https://files.pythonhosted.org/packages/bc/24/e3ee6c04f1d58cc15f37bcc62f32c7478ff55142b7b3e6d42ea374ea427c/pydantic_core-2.23.4-cp313-cp313-manylinux_2_17_s390x.manylinux2014_s390x.whl", hash = "sha256:2971bb5ffe72cc0f555c13e19b23c85b654dd2a8f7ab493c262071377bfce9f6", size = 2661375 },
    { url = "https://files.pythonhosted.org/packages/c1/f8/11a9006de4e89d016b8de74ebb1db727dc100608bb1e6bbe9d56a3cbbcce/pydantic_core-2.23.4-cp313-cp313-manylinux_2_17_x86_64.manylinux2014_x86_64.whl", hash = "sha256:8394d940e5d400d04cad4f75c0598665cbb81aecefaca82ca85bd28264af7f9b", size = 2071635 },
    { url = "https://files.pythonhosted.org/packages/7c/45/bdce5779b59f468bdf262a5bc9eecbae87f271c51aef628d8c073b4b4b4c/pydantic_core-2.23.4-cp313-cp313-manylinux_2_5_i686.manylinux1_i686.whl", hash = "sha256:0dff76e0602ca7d4cdaacc1ac4c005e0ce0dcfe095d5b5259163a80d3a10d327", size = 1916994 },
    { url = "https://files.pythonhosted.org/packages/d8/fa/c648308fe711ee1f88192cad6026ab4f925396d1293e8356de7e55be89b5/pydantic_core-2.23.4-cp313-cp313-musllinux_1_1_aarch64.whl", hash = "sha256:7d32706badfe136888bdea71c0def994644e09fff0bfe47441deaed8e96fdbc6", size = 1968877 },
    { url = "https://files.pythonhosted.org/packages/16/16/b805c74b35607d24d37103007f899abc4880923b04929547ae68d478b7f4/pydantic_core-2.23.4-cp313-cp313-musllinux_1_1_x86_64.whl", hash = "sha256:ed541d70698978a20eb63d8c5d72f2cc6d7079d9d90f6b50bad07826f1320f5f", size = 2116814 },
    { url = "https://files.pythonhosted.org/packages/d1/58/5305e723d9fcdf1c5a655e6a4cc2a07128bf644ff4b1d98daf7a9dbf57da/pydantic_core-2.23.4-cp313-none-win32.whl", hash = "sha256:3d5639516376dce1940ea36edf408c554475369f5da2abd45d44621cb616f769", size = 1738360 },
    { url = "https://files.pythonhosted.org/packages/a5/ae/e14b0ff8b3f48e02394d8acd911376b7b66e164535687ef7dc24ea03072f/pydantic_core-2.23.4-cp313-none-win_amd64.whl", hash = "sha256:5a1504ad17ba4210df3a045132a7baeeba5a200e930f57512ee02909fc5c4cb5", size = 1919411 },
]

[[package]]
name = "ruff"
version = "0.7.2"
source = { registry = "https://pypi.org/simple" }
sdist = { url = "https://files.pythonhosted.org/packages/95/51/231bb3790e5b0b9fd4131f9a231d73d061b3667522e3f406fd9b63334d0e/ruff-0.7.2.tar.gz", hash = "sha256:2b14e77293380e475b4e3a7a368e14549288ed2931fce259a6f99978669e844f", size = 3210036 }
wheels = [
    { url = "https://files.pythonhosted.org/packages/5c/56/0caa2b5745d66a39aa239c01059f6918fc76ed8380033d2f44bf297d141d/ruff-0.7.2-py3-none-linux_armv6l.whl", hash = "sha256:b73f873b5f52092e63ed540adefc3c36f1f803790ecf2590e1df8bf0a9f72cb8", size = 10373973 },
    { url = "https://files.pythonhosted.org/packages/1a/33/cad6ff306731f335d481c50caa155b69a286d5b388e87ff234cd2a4b3557/ruff-0.7.2-py3-none-macosx_10_12_x86_64.whl", hash = "sha256:5b813ef26db1015953daf476202585512afd6a6862a02cde63f3bafb53d0b2d4", size = 10171140 },
    { url = "https://files.pythonhosted.org/packages/97/f5/6a2ca5c9ba416226eac9cf8121a1baa6f06655431937e85f38ffcb9d0d01/ruff-0.7.2-py3-none-macosx_11_0_arm64.whl", hash = "sha256:853277dbd9675810c6826dad7a428d52a11760744508340e66bf46f8be9701d9", size = 9809333 },
    { url = "https://files.pythonhosted.org/packages/16/83/e3e87f13d1a1dc205713632978cd7bc287a59b08bc95780dbe359b9aefcb/ruff-0.7.2-py3-none-manylinux_2_17_aarch64.manylinux2014_aarch64.whl", hash = "sha256:21aae53ab1490a52bf4e3bf520c10ce120987b047c494cacf4edad0ba0888da2", size = 10622987 },
    { url = "https://files.pythonhosted.org/packages/22/16/97ccab194480e99a2e3c77ae132b3eebfa38c2112747570c403a4a13ba3a/ruff-0.7.2-py3-none-manylinux_2_17_armv7l.manylinux2014_armv7l.whl", hash = "sha256:ccc7e0fc6e0cb3168443eeadb6445285abaae75142ee22b2b72c27d790ab60ba", size = 10184640 },
    { url = "https://files.pythonhosted.org/packages/97/1b/82ff05441b036f68817296c14f24da47c591cb27acfda473ee571a5651ac/ruff-0.7.2-py3-none-manylinux_2_17_i686.manylinux2014_i686.whl", hash = "sha256:fd77877a4e43b3a98e5ef4715ba3862105e299af0c48942cc6d51ba3d97dc859", size = 11210203 },
    { url = "https://files.pythonhosted.org/packages/a6/96/7ecb30a7ef7f942e2d8e0287ad4c1957dddc6c5097af4978c27cfc334f97/ruff-0.7.2-py3-none-manylinux_2_17_ppc64.manylinux2014_ppc64.whl", hash = "sha256:e00163fb897d35523c70d71a46fbaa43bf7bf9af0f4534c53ea5b96b2e03397b", size = 11870894 },
    { url = "https://files.pythonhosted.org/packages/06/6a/c716bb126218227f8e604a9c484836257708a05ee3d2ebceb666ff3d3867/ruff-0.7.2-py3-none-manylinux_2_17_ppc64le.manylinux2014_ppc64le.whl", hash = "sha256:f3c54b538633482dc342e9b634d91168fe8cc56b30a4b4f99287f4e339103e88", size = 11449533 },
    { url = "https://files.pythonhosted.org/packages/e6/2f/3a5f9f9478904e5ae9506ea699109070ead1e79aac041e872cbaad8a7458/ruff-0.7.2-py3-none-manylinux_2_17_s390x.manylinux2014_s390x.whl", hash = "sha256:7b792468e9804a204be221b14257566669d1db5c00d6bb335996e5cd7004ba80", size = 12607919 },
    { url = "https://files.pythonhosted.org/packages/a0/57/4642e57484d80d274750dcc872ea66655bbd7e66e986fede31e1865b463d/ruff-0.7.2-py3-none-manylinux_2_17_x86_64.manylinux2014_x86_64.whl", hash = "sha256:dba53ed84ac19ae4bfb4ea4bf0172550a2285fa27fbb13e3746f04c80f7fa088", size = 11016915 },
    { url = "https://files.pythonhosted.org/packages/4d/6d/59be6680abee34c22296ae3f46b2a3b91662b8b18ab0bf388b5eb1355c97/ruff-0.7.2-py3-none-musllinux_1_2_aarch64.whl", hash = "sha256:b19fafe261bf741bca2764c14cbb4ee1819b67adb63ebc2db6401dcd652e3748", size = 10625424 },
    { url = "https://files.pythonhosted.org/packages/82/e7/f6a643683354c9bc7879d2f228ee0324fea66d253de49273a0814fba1927/ruff-0.7.2-py3-none-musllinux_1_2_armv7l.whl", hash = "sha256:28bd8220f4d8f79d590db9e2f6a0674f75ddbc3847277dd44ac1f8d30684b828", size = 10233692 },
    { url = "https://files.pythonhosted.org/packages/d7/48/b4e02fc835cd7ed1ee7318d9c53e48bcf6b66301f55925a7dcb920e45532/ruff-0.7.2-py3-none-musllinux_1_2_i686.whl", hash = "sha256:9fd67094e77efbea932e62b5d2483006154794040abb3a5072e659096415ae1e", size = 10751825 },
    { url = "https://files.pythonhosted.org/packages/1e/06/6c5ee6ab7bb4cbad9e8bb9b2dd0d818c759c90c1c9e057c6ed70334b97f4/ruff-0.7.2-py3-none-musllinux_1_2_x86_64.whl", hash = "sha256:576305393998b7bd6c46018f8104ea3a9cb3fa7908c21d8580e3274a3b04b691", size = 11074811 },
    { url = "https://files.pythonhosted.org/packages/a1/16/8969304f25bcd0e4af1778342e63b715e91db8a2dbb51807acd858cba915/ruff-0.7.2-py3-none-win32.whl", hash = "sha256:fa993cfc9f0ff11187e82de874dfc3611df80852540331bc85c75809c93253a8", size = 8650268 },
    { url = "https://files.pythonhosted.org/packages/d9/18/c4b00d161def43fe5968e959039c8f6ce60dca762cec4a34e4e83a4210a0/ruff-0.7.2-py3-none-win_amd64.whl", hash = "sha256:dd8800cbe0254e06b8fec585e97554047fb82c894973f7ff18558eee33d1cb88", size = 9433693 },
    { url = "https://files.pythonhosted.org/packages/7f/7b/c920673ac01c19814dd15fc617c02301c522f3d6812ca2024f4588ed4549/ruff-0.7.2-py3-none-win_arm64.whl", hash = "sha256:bb8368cd45bba3f57bb29cbb8d64b4a33f8415d0149d2655c5c8539452ce7760", size = 8735845 },
]

[[package]]
name = "sniffio"
version = "1.3.1"
source = { registry = "https://pypi.org/simple" }
sdist = { url = "https://files.pythonhosted.org/packages/a2/87/a6771e1546d97e7e041b6ae58d80074f81b7d5121207425c964ddf5cfdbd/sniffio-1.3.1.tar.gz", hash = "sha256:f4324edc670a0f49750a81b895f35c3adb843cca46f0530f79fc1babb23789dc", size = 20372 }
wheels = [
    { url = "https://files.pythonhosted.org/packages/e9/44/75a9c9421471a6c4805dbf2356f7c181a29c1879239abab1ea2cc8f38b40/sniffio-1.3.1-py3-none-any.whl", hash = "sha256:2f6da418d1f1e0fddd844478f41680e794e6051915791a034ff65e5f100525a2", size = 10235 },
]

[[package]]
name = "sqlalchemy"
version = "2.0.36"
source = { registry = "https://pypi.org/simple" }
dependencies = [
    { name = "typing-extensions" },
]
sdist = { url = "https://files.pythonhosted.org/packages/50/65/9cbc9c4c3287bed2499e05033e207473504dc4df999ce49385fb1f8b058a/sqlalchemy-2.0.36.tar.gz", hash = "sha256:7f2767680b6d2398aea7082e45a774b2b0767b5c8d8ffb9c8b683088ea9b29c5", size = 9574485 }
wheels = [
    { url = "https://files.pythonhosted.org/packages/78/5c/236398ae3678b3237726819b484f15f5c038a9549da01703a771f05a00d6/SQLAlchemy-2.0.36-cp313-cp313-macosx_10_13_x86_64.whl", hash = "sha256:b5cc79df7f4bc3d11e4b542596c03826063092611e481fcf1c9dfee3c94355ef", size = 2087651 },
    { url = "https://files.pythonhosted.org/packages/a8/14/55c47420c0d23fb67a35af8be4719199b81c59f3084c28d131a7767b0b0b/SQLAlchemy-2.0.36-cp313-cp313-macosx_11_0_arm64.whl", hash = "sha256:3c01117dd36800f2ecaa238c65365b7b16497adc1522bf84906e5710ee9ba0e8", size = 2078132 },
    { url = "https://files.pythonhosted.org/packages/3d/97/1e843b36abff8c4a7aa2e37f9bea364f90d021754c2de94d792c2d91405b/SQLAlchemy-2.0.36-cp313-cp313-manylinux_2_17_aarch64.manylinux2014_aarch64.whl", hash = "sha256:9bc633f4ee4b4c46e7adcb3a9b5ec083bf1d9a97c1d3854b92749d935de40b9b", size = 3164559 },
    { url = "https://files.pythonhosted.org/packages/7b/c5/07f18a897b997f6d6b234fab2bf31dccf66d5d16a79fe329aefc95cd7461/SQLAlchemy-2.0.36-cp313-cp313-manylinux_2_17_x86_64.manylinux2014_x86_64.whl", hash = "sha256:9e46ed38affdfc95d2c958de328d037d87801cfcbea6d421000859e9789e61c2", size = 3177897 },
    { url = "https://files.pythonhosted.org/packages/b3/cd/e16f3cbefd82b5c40b33732da634ec67a5f33b587744c7ab41699789d492/SQLAlchemy-2.0.36-cp313-cp313-musllinux_1_2_aarch64.whl", hash = "sha256:b2985c0b06e989c043f1dc09d4fe89e1616aadd35392aea2844f0458a989eacf", size = 3111289 },
    { url = "https://files.pythonhosted.org/packages/15/85/5b8a3b0bc29c9928aa62b5c91fcc8335f57c1de0a6343873b5f372e3672b/SQLAlchemy-2.0.36-cp313-cp313-musllinux_1_2_x86_64.whl", hash = "sha256:4a121d62ebe7d26fec9155f83f8be5189ef1405f5973ea4874a26fab9f1e262c", size = 3139491 },
    { url = "https://files.pythonhosted.org/packages/a1/95/81babb6089938680dfe2cd3f88cd3fd39cccd1543b7cb603b21ad881bff1/SQLAlchemy-2.0.36-cp313-cp313-win32.whl", hash = "sha256:0572f4bd6f94752167adfd7c1bed84f4b240ee6203a95e05d1e208d488d0d436", size = 2060439 },
    { url = "https://files.pythonhosted.org/packages/c1/ce/5f7428df55660d6879d0522adc73a3364970b5ef33ec17fa125c5dbcac1d/SQLAlchemy-2.0.36-cp313-cp313-win_amd64.whl", hash = "sha256:8c78ac40bde930c60e0f78b3cd184c580f89456dd87fc08f9e3ee3ce8765ce88", size = 2084574 },
    { url = "https://files.pythonhosted.org/packages/b8/49/21633706dd6feb14cd3f7935fc00b60870ea057686035e1a99ae6d9d9d53/SQLAlchemy-2.0.36-py3-none-any.whl", hash = "sha256:fddbe92b4760c6f5d48162aef14824add991aeda8ddadb3c31d56eb15ca69f8e", size = 1883787 },
]

[[package]]
name = "starlette"
version = "0.41.2"
source = { registry = "https://pypi.org/simple" }
dependencies = [
    { name = "anyio" },
]
sdist = { url = "https://files.pythonhosted.org/packages/3e/da/1fb4bdb72ae12b834becd7e1e7e47001d32f91ec0ce8d7bc1b618d9f0bd9/starlette-0.41.2.tar.gz", hash = "sha256:9834fd799d1a87fd346deb76158668cfa0b0d56f85caefe8268e2d97c3468b62", size = 2573867 }
wheels = [
    { url = "https://files.pythonhosted.org/packages/54/43/f185bfd0ca1d213beb4293bed51d92254df23d8ceaf6c0e17146d508a776/starlette-0.41.2-py3-none-any.whl", hash = "sha256:fbc189474b4731cf30fcef52f18a8d070e3f3b46c6a04c97579e85e6ffca942d", size = 73259 },
]

[[package]]
name = "typing-extensions"
version = "4.12.2"
source = { registry = "https://pypi.org/simple" }
sdist = { url = "https://files.pythonhosted.org/packages/df/db/f35a00659bc03fec321ba8bce9420de607a1d37f8342eee1863174c69557/typing_extensions-4.12.2.tar.gz", hash = "sha256:1a7ead55c7e559dd4dee8856e3a88b41225abfe1ce8df57b7c13915fe121ffb8", size = 85321 }
wheels = [
    { url = "https://files.pythonhosted.org/packages/26/9f/ad63fc0248c5379346306f8668cda6e2e2e9c95e01216d2b8ffd9ff037d0/typing_extensions-4.12.2-py3-none-any.whl", hash = "sha256:04e5ca0351e0f3f85c6853954072df659d0d13fac324d0072316b67d7794700d", size = 37438 },
]
